
Microsoft Visual Studio Solution File, Format Version 12.00
# Visual Studio Version 16
VisualStudioVersion = 16.0.31313.79
MinimumVisualStudioVersion = 10.0.40219.1
Project("{9A19103F-16F7-4668-BE54-9A1E7A4F7556}") = "MNP_main", "MNP_main\MNP_main.csproj", "{D7EB77C0-D6D2-44A9-AEAC-0473C627FE17}"
EndProject
Project("{9A19103F-16F7-4668-BE54-9A1E7A4F7556}") = "DAL", "DAL\DAL.csproj", "{9239D26E-2A50-4EC5-9724-364D91074FB4}"
EndProject
Project("{9A19103F-16F7-4668-BE54-9A1E7A4F7556}") = "BLL", "BLL\BLL.csproj", "{8908D4B4-33F6-40FD-AEA6-155A4E45E3A8}"
EndProject
Global
	GlobalSection(SolutionConfigurationPlatforms) = preSolution
		Debug|Any CPU = Debug|Any CPU
		Release|Any CPU = Release|Any CPU
	EndGlobalSection
	GlobalSection(ProjectConfigurationPlatforms) = postSolution
		{D7EB77C0-D6D2-44A9-AEAC-0473C627FE17}.Debug|Any CPU.ActiveCfg = Debug|Any CPU
		{D7EB77C0-D6D2-44A9-AEAC-0473C627FE17}.Debug|Any CPU.Build.0 = Debug|Any CPU
		{D7EB77C0-D6D2-44A9-AEAC-0473C627FE17}.Release|Any CPU.ActiveCfg = Release|Any CPU
		{D7EB77C0-D6D2-44A9-AEAC-0473C627FE17}.Release|Any CPU.Build.0 = Release|Any CPU
		{9239D26E-2A50-4EC5-9724-364D91074FB4}.Debug|Any CPU.ActiveCfg = Debug|Any CPU
		{9239D26E-2A50-4EC5-9724-364D91074FB4}.Debug|Any CPU.Build.0 = Debug|Any CPU
		{9239D26E-2A50-4EC5-9724-364D91074FB4}.Release|Any CPU.ActiveCfg = Release|Any CPU
		{9239D26E-2A50-4EC5-9724-364D91074FB4}.Release|Any CPU.Build.0 = Release|Any CPU
		{8908D4B4-33F6-40FD-AEA6-155A4E45E3A8}.Debug|Any CPU.ActiveCfg = Debug|Any CPU
		{8908D4B4-33F6-40FD-AEA6-155A4E45E3A8}.Debug|Any CPU.Build.0 = Debug|Any CPU
		{8908D4B4-33F6-40FD-AEA6-155A4E45E3A8}.Release|Any CPU.ActiveCfg = Release|Any CPU
		{8908D4B4-33F6-40FD-AEA6-155A4E45E3A8}.Release|Any CPU.Build.0 = Release|Any CPU
	EndGlobalSection
	GlobalSection(SolutionProperties) = preSolution
		HideSolutionNode = FALSE
	EndGlobalSection
	GlobalSection(ExtensibilityGlobals) = postSolution
		SolutionGuid = {9C5F0CA2-96E0-4049-B994-E9E41F02FC7B}
	EndGlobalSection
EndGlobal
